
Microsoft Visual Studio Solution File, Format Version 12.00
# Visual Studio Version 17
VisualStudioVersion = 17.5.33414.496
MinimumVisualStudioVersion = 10.0.40219.1
Project("{8BC9CEB8-8B4A-11D0-8D11-00A0C91BC942}") = "Stiva_Coada_Implementare", "Stiva_Coada_Implementare\Stiva_Coada_Implementare.vcxproj", "{7DEDAB25-AB3E-4E3C-8565-068CE1DFF420}"
EndProject
Global
	GlobalSection(SolutionConfigurationPlatforms) = preSolution
		Debug|x64 = Debug|x64
		Debug|x86 = Debug|x86
		Release|x64 = Release|x64
		Release|x86 = Release|x86
	EndGlobalSection
	GlobalSection(ProjectConfigurationPlatforms) = postSolution
		{7DEDAB25-AB3E-4E3C-8565-068CE1DFF420}.Debug|x64.ActiveCfg = Debug|x64
		{7DEDAB25-AB3E-4E3C-8565-068CE1DFF420}.Debug|x64.Build.0 = Debug|x64
		{7DEDAB25-AB3E-4E3C-8565-068CE1DFF420}.Debug|x86.ActiveCfg = Debug|Win32
		{7DEDAB25-AB3E-4E3C-8565-068CE1DFF420}.Debug|x86.Build.0 = Debug|Win32
		{7DEDAB25-AB3E-4E3C-8565-068CE1DFF420}.Release|x64.ActiveCfg = Release|x64
		{7DEDAB25-AB3E-4E3C-8565-068CE1DFF420}.Release|x64.Build.0 = Release|x64
		{7DEDAB25-AB3E-4E3C-8565-068CE1DFF420}.Release|x86.ActiveCfg = Release|Win32
		{7DEDAB25-AB3E-4E3C-8565-068CE1DFF420}.Release|x86.Build.0 = Release|Win32
	EndGlobalSection
	GlobalSection(SolutionProperties) = preSolution
		HideSolutionNode = FALSE
	EndGlobalSection
	GlobalSection(ExtensibilityGlobals) = postSolution
		SolutionGuid = {5EEAD31D-41AF-408F-B29B-8C4BB1C029C4}
	EndGlobalSection
EndGlobal
