
Microsoft Visual Studio Solution File, Format Version 12.00
# Visual Studio Version 17
VisualStudioVersion = 17.5.33414.496
MinimumVisualStudioVersion = 10.0.40219.1
Project("{8BC9CEB8-8B4A-11D0-8D11-00A0C91BC942}") = "Subiect_AVL_Depozit", "Subiect_AVL_Depozit\Subiect_AVL_Depozit.vcxproj", "{D0B04C70-EC6D-4528-9D23-C4DFC8F22DF5}"
EndProject
Global
	GlobalSection(SolutionConfigurationPlatforms) = preSolution
		Debug|x64 = Debug|x64
		Debug|x86 = Debug|x86
		Release|x64 = Release|x64
		Release|x86 = Release|x86
	EndGlobalSection
	GlobalSection(ProjectConfigurationPlatforms) = postSolution
		{D0B04C70-EC6D-4528-9D23-C4DFC8F22DF5}.Debug|x64.ActiveCfg = Debug|x64
		{D0B04C70-EC6D-4528-9D23-C4DFC8F22DF5}.Debug|x64.Build.0 = Debug|x64
		{D0B04C70-EC6D-4528-9D23-C4DFC8F22DF5}.Debug|x86.ActiveCfg = Debug|Win32
		{D0B04C70-EC6D-4528-9D23-C4DFC8F22DF5}.Debug|x86.Build.0 = Debug|Win32
		{D0B04C70-EC6D-4528-9D23-C4DFC8F22DF5}.Release|x64.ActiveCfg = Release|x64
		{D0B04C70-EC6D-4528-9D23-C4DFC8F22DF5}.Release|x64.Build.0 = Release|x64
		{D0B04C70-EC6D-4528-9D23-C4DFC8F22DF5}.Release|x86.ActiveCfg = Release|Win32
		{D0B04C70-EC6D-4528-9D23-C4DFC8F22DF5}.Release|x86.Build.0 = Release|Win32
	EndGlobalSection
	GlobalSection(SolutionProperties) = preSolution
		HideSolutionNode = FALSE
	EndGlobalSection
	GlobalSection(ExtensibilityGlobals) = postSolution
		SolutionGuid = {6F5A4113-8411-4773-8E44-79D8BD45F0A1}
	EndGlobalSection
EndGlobal
